
Microsoft Visual Studio Solution File, Format Version 12.00
# Visual Studio Version 17
VisualStudioVersion = 17.9.34701.34
MinimumVisualStudioVersion = 10.0.40219.1
Project("{FAE04EC0-301F-11D3-BF4B-00C04F79EFBC}") = "EvaluateBinary", "EvaluateBinary.csproj", "{F821417D-9F09-4071-B165-76813DE0C1F5}"
EndProject
Global
	GlobalSection(SolutionConfigurationPlatforms) = preSolution
		Debug|Any CPU = Debug|Any CPU
		Release|Any CPU = Release|Any CPU
	EndGlobalSection
	GlobalSection(ProjectConfigurationPlatforms) = postSolution
		{F821417D-9F09-4071-B165-76813DE0C1F5}.Debug|Any CPU.ActiveCfg = Debug|Any CPU
		{F821417D-9F09-4071-B165-76813DE0C1F5}.Debug|Any CPU.Build.0 = Debug|Any CPU
		{F821417D-9F09-4071-B165-76813DE0C1F5}.Release|Any CPU.ActiveCfg = Release|Any CPU
		{F821417D-9F09-4071-B165-76813DE0C1F5}.Release|Any CPU.Build.0 = Release|Any CPU
	EndGlobalSection
	GlobalSection(SolutionProperties) = preSolution
		HideSolutionNode = FALSE
	EndGlobalSection
	GlobalSection(ExtensibilityGlobals) = postSolution
		SolutionGuid = {57769DA5-981B-44F6-8C5A-F6C95102C449}
	EndGlobalSection
EndGlobal
